{
  "originHash" : "cea7c77977cd50e1045a55e09e081f132298c3fcc5fb25dcc0e8f25b894079a3",
  "pins" : [
    {
      "identity" : "calendarview",
      "kind" : "remoteSourceControl",
      "location" : "https://github.com/Mijick/CalendarView.git",
      "state" : {
        "revision" : "168cf14a50d33684caa2a411bbd0b3f988e9dff6",
        "version" : "1.1.1"
      }
    },
    {
      "identity" : "convex-swift",
      "kind" : "remoteSourceControl",
      "location" : "https://github.com/get-convex/convex-swift",
      "state" : {
        "revision" : "47be041f8b3e7ccbba184c5a9fbea430cd33326b",
        "version" : "0.6.0"
      }
    },
    {
      "identity" : "debugswift",
      "kind" : "remoteSourceControl",
      "location" : "https://github.com/DebugSwift/DebugSwift.git",
      "state" : {
        "revision" : "1d2e29b5365ed92f92c3264712653f130dd52e32",
        "version" : "1.8.1"
      }
    },
    {
      "identity" : "disk",
      "kind" : "remoteSourceControl",
      "location" : "https://github.com/saoudrizwan/Disk",
      "state" : {
        "revision" : "b0cb4fdf23e51849cc2460bdc6de795c3bcca99d",
        "version" : "0.6.4"
      }
    },
    {
      "identity" : "logoutloud",
      "kind" : "remoteSourceControl",
      "location" : "https://github.com/Aeastr/LogOutLoud.git",
      "state" : {
        "revision" : "8b1fb61045d78bd674e4061805e5e6cc69d06950",
        "version" : "2.1.2"
      }
    },
    {
      "identity" : "obfuscate",
      "kind" : "remoteSourceControl",
      "location" : "https://github.com/Aeastr/Obfuscate.git",
      "state" : {
        "revision" : "03bc039fefebf4150cfa594cc68dc83dede068ff",
        "version" : "1.0.0"
      }
    },
    {
      "identity" : "popups",
      "kind" : "remoteSourceControl",
      "location" : "https://github.com/Mijick/Popups",
      "state" : {
        "revision" : "3aa55233eda7bbcbd98b52a6f63d5a7e1955189a",
        "version" : "4.0.5"
      }
    },
    {
      "identity" : "portal",
      "kind" : "remoteSourceControl",
      "location" : "https://github.com/Aeastr/Portal.git",
      "state" : {
        "revision" : "d097cf13b4f6a25e258183931fa147be5474c66e",
        "version" : "4.2.6"
      }
    },
    {
      "identity" : "posthog-ios",
      "kind" : "remoteSourceControl",
      "location" : "https://github.com/PostHog/posthog-ios.git",
      "state" : {
        "revision" : "ba5dd65d2341ab8ea1949f072594ef67c490af3a",
        "version" : "3.34.0"
      }
    },
    {
      "identity" : "sentry-cocoa",
      "kind" : "remoteSourceControl",
      "location" : "https://github.com/getsentry/sentry-cocoa/",
      "state" : {
        "revision" : "e1e94efb9d5a688af85c607ae34a8b56961ca118",
        "version" : "8.57.1"
      }
    },
    {
      "identity" : "swift-log",
      "kind" : "remoteSourceControl",
      "location" : "https://github.com/apple/swift-log.git",
      "state" : {
        "revision" : "ce592ae52f982c847a4efc0dd881cc9eb32d29f2",
        "version" : "1.6.4"
      }
    },
    {
      "identity" : "swift-syntax",
      "kind" : "remoteSourceControl",
      "location" : "https://github.com/swiftlang/swift-syntax",
      "state" : {
        "revision" : "0687f71944021d616d34d922343dcef086855920",
        "version" : "600.0.1"
      }
    }
  ],
  "version" : 3
}
