// !$*UTF8*$!
{
	archiveVersion = 1;
	classes = {
	};
	objectVersion = 70;
	objects = {

/* Begin PBXBuildFile section */
		4EAA41862EC1792700C01006 /* Portal in Frameworks */ = {isa = PBXBuildFile; productRef = 4EAA41852EC1792700C01006 /* Portal */; };
		4EAA41882EC1792700C01006 /* PortalFlowingHeader in Frameworks */ = {isa = PBXBuildFile; productRef = 4EAA41872EC1792700C01006 /* PortalFlowingHeader */; };
		4EAA418C2EC1792700C01006 /* PortalView in Frameworks */ = {isa = PBXBuildFile; productRef = 4EAA418B2EC1792700C01006 /* PortalView */; };
		8D0FC8B32C90E03100767285 /* (null) in Sources */ = {isa = PBXBuildFile; };
		8D3EE22F2C92698B004E4B6D /* (null) in Sources */ = {isa = PBXBuildFile; };
		8D3EE2322C927112004E4B6D /* (null) in Sources */ = {isa = PBXBuildFile; };
		8D3EE2352C927136004E4B6D /* (null) in Sources */ = {isa = PBXBuildFile; };
		C501C17A2E9616DF00CC2B4E /* WidgetKit.framework in Frameworks */ = {isa = PBXBuildFile; fileRef = C501C1792E9616DF00CC2B4E /* WidgetKit.framework */; };
		C501C17C2E9616DF00CC2B4E /* SwiftUI.framework in Frameworks */ = {isa = PBXBuildFile; fileRef = C501C17B2E9616DF00CC2B4E /* SwiftUI.framework */; };
		C501C1892E9616E100CC2B4E /* WidgetExtension.appex in Embed Foundation Extensions */ = {isa = PBXBuildFile; fileRef = C501C1772E9616DF00CC2B4E /* WidgetExtension.appex */; settings = {ATTRIBUTES = (RemoveHeadersOnCopy, ); }; };
		C51929E32EAB3AC30036AE74 /* MijickPopups in Frameworks */ = {isa = PBXBuildFile; productRef = C51929E22EAB3AC30036AE74 /* MijickPopups */; };
		C565BFD02EBA33E4003AB6DD /* Development.xcconfig in Resources */ = {isa = PBXBuildFile; fileRef = C565BFCF2EBA33E4003AB6DD /* Development.xcconfig */; };
		C565BFD12EBA33E4003AB6DD /* Development.xcconfig in Resources */ = {isa = PBXBuildFile; fileRef = C565BFCF2EBA33E4003AB6DD /* Development.xcconfig */; };
		C565BFD32EBA33EE003AB6DD /* Production.xcconfig in Resources */ = {isa = PBXBuildFile; fileRef = C565BFD22EBA33EE003AB6DD /* Production.xcconfig */; };
		C565BFD42EBA33EE003AB6DD /* Production.xcconfig in Resources */ = {isa = PBXBuildFile; fileRef = C565BFD22EBA33EE003AB6DD /* Production.xcconfig */; };
		C57893C42E93769300375616 /* ConvexMobile in Frameworks */ = {isa = PBXBuildFile; productRef = C57893C32E93769300375616 /* ConvexMobile */; };
		C58000012EB9CAD80032530C /* Sentry in Frameworks */ = {isa = PBXBuildFile; productRef = C58000002EB9CAD80032530C /* Sentry */; };
		C5892C982EA8CB370043E6B9 /* DebugSwift in Frameworks */ = {isa = PBXBuildFile; productRef = C5892C972EA8CB370043E6B9 /* DebugSwift */; };
		C5AB85282EB3770D009E242A /* (null) in Frameworks */ = {isa = PBXBuildFile; };
		C5CC97402EB3C0BE00E46229 /* Disk in Frameworks */ = {isa = PBXBuildFile; productRef = C5CC973F2EB3C0BE00E46229 /* Disk */; };
		C5CC99BD2EB446F600E46229 /* PostHog in Frameworks */ = {isa = PBXBuildFile; productRef = C5CC99BC2EB446F600E46229 /* PostHog */; };
/* End PBXBuildFile section */

/* Begin PBXContainerItemProxy section */
		C501C1872E9616E100CC2B4E /* PBXContainerItemProxy */ = {
			isa = PBXContainerItemProxy;
			containerPortal = 8DDE5FA92C8A7D9300A0DBE0 /* Project object */;
			proxyType = 1;
			remoteGlobalIDString = C501C1762E9616DF00CC2B4E;
			remoteInfo = WidgetExtension;
		};
		C5BC0C5E2EB6323300C508B1 /* PBXContainerItemProxy */ = {
			isa = PBXContainerItemProxy;
			containerPortal = 8DDE5FA92C8A7D9300A0DBE0 /* Project object */;
			proxyType = 1;
			remoteGlobalIDString = 8DDE5FB02C8A7D9300A0DBE0;
			remoteInfo = kreta;
		};
/* End PBXContainerItemProxy section */

/* Begin PBXCopyFilesBuildPhase section */
		C501C18E2E9616E100CC2B4E /* Embed Foundation Extensions */ = {
			isa = PBXCopyFilesBuildPhase;
			buildActionMask = 2147483647;
			dstPath = "";
			dstSubfolderSpec = 13;
			files = (
				C501C1892E9616E100CC2B4E /* WidgetExtension.appex in Embed Foundation Extensions */,
			);
			name = "Embed Foundation Extensions";
			runOnlyForDeploymentPostprocessing = 0;
		};
/* End PBXCopyFilesBuildPhase section */

/* Begin PBXFileReference section */
		8DDE5FB12C8A7D9300A0DBE0 /* kreta.app */ = {isa = PBXFileReference; explicitFileType = wrapper.application; includeInIndex = 0; path = kreta.app; sourceTree = BUILT_PRODUCTS_DIR; };
		C501C1772E9616DF00CC2B4E /* WidgetExtension.appex */ = {isa = PBXFileReference; explicitFileType = "wrapper.app-extension"; includeInIndex = 0; path = WidgetExtension.appex; sourceTree = BUILT_PRODUCTS_DIR; };
		C501C1792E9616DF00CC2B4E /* WidgetKit.framework */ = {isa = PBXFileReference; lastKnownFileType = wrapper.framework; name = WidgetKit.framework; path = System/Library/Frameworks/WidgetKit.framework; sourceTree = SDKROOT; };
		C501C17B2E9616DF00CC2B4E /* SwiftUI.framework */ = {isa = PBXFileReference; lastKnownFileType = wrapper.framework; name = SwiftUI.framework; path = System/Library/Frameworks/SwiftUI.framework; sourceTree = SDKROOT; };
		C565BFCF2EBA33E4003AB6DD /* Development.xcconfig */ = {isa = PBXFileReference; lastKnownFileType = text.xcconfig; path = Development.xcconfig; sourceTree = "<group>"; };
		C565BFD22EBA33EE003AB6DD /* Production.xcconfig */ = {isa = PBXFileReference; lastKnownFileType = text.xcconfig; path = Production.xcconfig; sourceTree = "<group>"; };
		C565C1AF2EBA6232003AB6DD /* setup_client_env.sh */ = {isa = PBXFileReference; lastKnownFileType = text.script.sh; path = setup_client_env.sh; sourceTree = "<group>"; };
		C5BC0C5A2EB6323300C508B1 /* kretaTests.xctest */ = {isa = PBXFileReference; explicitFileType = wrapper.cfbundle; includeInIndex = 0; path = kretaTests.xctest; sourceTree = BUILT_PRODUCTS_DIR; };
		C5F65E5C2EA7427100F57118 /* Info.plist */ = {isa = PBXFileReference; lastKnownFileType = text.plist.xml; path = Info.plist; sourceTree = "<group>"; };
/* End PBXFileReference section */

/* Begin PBXFileSystemSynchronizedBuildFileExceptionSet section */
		C501C18A2E9616E100CC2B4E /* PBXFileSystemSynchronizedBuildFileExceptionSet */ = {
			isa = PBXFileSystemSynchronizedBuildFileExceptionSet;
			membershipExceptions = (
				Info.plist,
			);
			target = C501C1762E9616DF00CC2B4E /* WidgetExtension */;
		};
/* End PBXFileSystemSynchronizedBuildFileExceptionSet section */

/* Begin PBXFileSystemSynchronizedRootGroup section */
		C501C1412E9609FB00CC2B4E /* Sources */ = {isa = PBXFileSystemSynchronizedRootGroup; explicitFileTypes = {}; explicitFolders = (); path = Sources; sourceTree = "<group>"; };
		C501C17D2E9616DF00CC2B4E /* Widget */ = {isa = PBXFileSystemSynchronizedRootGroup; exceptions = (C501C18A2E9616E100CC2B4E /* PBXFileSystemSynchronizedBuildFileExceptionSet */, ); explicitFileTypes = {}; explicitFolders = (); path = Widget; sourceTree = "<group>"; };
		C59654262E961EDC002C45F3 /* Shared */ = {isa = PBXFileSystemSynchronizedRootGroup; explicitFileTypes = {}; explicitFolders = (); path = Shared; sourceTree = "<group>"; };
		C5BC0C5B2EB6323300C508B1 /* kretaTests */ = {isa = PBXFileSystemSynchronizedRootGroup; explicitFileTypes = {}; explicitFolders = (); path = kretaTests; sourceTree = "<group>"; };
/* End PBXFileSystemSynchronizedRootGroup section */

/* Begin PBXFrameworksBuildPhase section */
		8DDE5FAE2C8A7D9300A0DBE0 /* Frameworks */ = {
			isa = PBXFrameworksBuildPhase;
			buildActionMask = 2147483647;
			files = (
				C5CC97402EB3C0BE00E46229 /* Disk in Frameworks */,
				C5892C982EA8CB370043E6B9 /* DebugSwift in Frameworks */,
				C57893C42E93769300375616 /* ConvexMobile in Frameworks */,
				4EAA41882EC1792700C01006 /* PortalFlowingHeader in Frameworks */,
				C51929E32EAB3AC30036AE74 /* MijickPopups in Frameworks */,
				4EAA418C2EC1792700C01006 /* PortalView in Frameworks */,
				4EAA41862EC1792700C01006 /* Portal in Frameworks */,
				C58000012EB9CAD80032530C /* Sentry in Frameworks */,
				C5CC99BD2EB446F600E46229 /* PostHog in Frameworks */,
				C5AB85282EB3770D009E242A /* (null) in Frameworks */,
			);
			runOnlyForDeploymentPostprocessing = 0;
		};
		C501C1742E9616DF00CC2B4E /* Frameworks */ = {
			isa = PBXFrameworksBuildPhase;
			buildActionMask = 2147483647;
			files = (
				C501C17C2E9616DF00CC2B4E /* SwiftUI.framework in Frameworks */,
				C501C17A2E9616DF00CC2B4E /* WidgetKit.framework in Frameworks */,
			);
			runOnlyForDeploymentPostprocessing = 0;
		};
		C5BC0C572EB6323300C508B1 /* Frameworks */ = {
			isa = PBXFrameworksBuildPhase;
			buildActionMask = 2147483647;
			files = (
			);
			runOnlyForDeploymentPostprocessing = 0;
		};
/* End PBXFrameworksBuildPhase section */

/* Begin PBXGroup section */
		8DDE5FA82C8A7D9300A0DBE0 = {
			isa = PBXGroup;
			children = (
				C5F65E5C2EA7427100F57118 /* Info.plist */,
				C59654262E961EDC002C45F3 /* Shared */,
				C501C1412E9609FB00CC2B4E /* Sources */,
				C501C17D2E9616DF00CC2B4E /* Widget */,
				C5BC0C5B2EB6323300C508B1 /* kretaTests */,
				C501C1782E9616DF00CC2B4E /* Frameworks */,
				8DDE5FB22C8A7D9300A0DBE0 /* Products */,
				C565BFCF2EBA33E4003AB6DD /* Development.xcconfig */,
				C565BFD22EBA33EE003AB6DD /* Production.xcconfig */,
				C565C1AF2EBA6232003AB6DD /* setup_client_env.sh */,
			);
			sourceTree = "<group>";
		};
		8DDE5FB22C8A7D9300A0DBE0 /* Products */ = {
			isa = PBXGroup;
			children = (
				8DDE5FB12C8A7D9300A0DBE0 /* kreta.app */,
				C501C1772E9616DF00CC2B4E /* WidgetExtension.appex */,
				C5BC0C5A2EB6323300C508B1 /* kretaTests.xctest */,
			);
			name = Products;
			sourceTree = "<group>";
		};
		C501C1782E9616DF00CC2B4E /* Frameworks */ = {
			isa = PBXGroup;
			children = (
				C501C1792E9616DF00CC2B4E /* WidgetKit.framework */,
				C501C17B2E9616DF00CC2B4E /* SwiftUI.framework */,
			);
			name = Frameworks;
			sourceTree = "<group>";
		};
/* End PBXGroup section */

/* Begin PBXNativeTarget section */
		8DDE5FB02C8A7D9300A0DBE0 /* kreta */ = {
			isa = PBXNativeTarget;
			buildConfigurationList = 8DDE5FBF2C8A7D9400A0DBE0 /* Build configuration list for PBXNativeTarget "kreta" */;
			buildPhases = (
				8DDE5FAD2C8A7D9300A0DBE0 /* Sources */,
				8DDE5FAE2C8A7D9300A0DBE0 /* Frameworks */,
				8DDE5FAF2C8A7D9300A0DBE0 /* Resources */,
				C501C18E2E9616E100CC2B4E /* Embed Foundation Extensions */,
				0C7F4D1ED04F40FAB03143FA /* Upload Debug Symbols to Sentry */,
			);
			buildRules = (
			);
			dependencies = (
				C501C1882E9616E100CC2B4E /* PBXTargetDependency */,
			);
			fileSystemSynchronizedGroups = (
				C501C1412E9609FB00CC2B4E /* Sources */,
				C59654262E961EDC002C45F3 /* Shared */,
			);
			name = kreta;
			packageProductDependencies = (
				C57893C32E93769300375616 /* ConvexMobile */,
				C5892C972EA8CB370043E6B9 /* DebugSwift */,
				C51929E22EAB3AC30036AE74 /* MijickPopups */,
				C5CC973F2EB3C0BE00E46229 /* Disk */,
				C5CC99BC2EB446F600E46229 /* PostHog */,
				C58000002EB9CAD80032530C /* Sentry */,
				4EAA41852EC1792700C01006 /* Portal */,
				4EAA41872EC1792700C01006 /* PortalFlowingHeader */,
				4EAA418B2EC1792700C01006 /* PortalView */,
			);
			productName = "hello-market-client";
			productReference = 8DDE5FB12C8A7D9300A0DBE0 /* kreta.app */;
			productType = "com.apple.product-type.application";
		};
		C501C1762E9616DF00CC2B4E /* WidgetExtension */ = {
			isa = PBXNativeTarget;
			buildConfigurationList = C501C18B2E9616E100CC2B4E /* Build configuration list for PBXNativeTarget "WidgetExtension" */;
			buildPhases = (
				C501C1732E9616DF00CC2B4E /* Sources */,
				C501C1742E9616DF00CC2B4E /* Frameworks */,
				C501C1752E9616DF00CC2B4E /* Resources */,
			);
			buildRules = (
			);
			dependencies = (
			);
			fileSystemSynchronizedGroups = (
				C501C17D2E9616DF00CC2B4E /* Widget */,
				C59654262E961EDC002C45F3 /* Shared */,
			);
			name = WidgetExtension;
			packageProductDependencies = (
			);
			productName = WidgetExtension;
			productReference = C501C1772E9616DF00CC2B4E /* WidgetExtension.appex */;
			productType = "com.apple.product-type.app-extension";
		};
		C5BC0C592EB6323300C508B1 /* kretaTests */ = {
			isa = PBXNativeTarget;
			buildConfigurationList = C5BC0C602EB6323300C508B1 /* Build configuration list for PBXNativeTarget "kretaTests" */;
			buildPhases = (
				C5BC0C562EB6323300C508B1 /* Sources */,
				C5BC0C572EB6323300C508B1 /* Frameworks */,
				C5BC0C582EB6323300C508B1 /* Resources */,
			);
			buildRules = (
			);
			dependencies = (
				C5BC0C5F2EB6323300C508B1 /* PBXTargetDependency */,
			);
			fileSystemSynchronizedGroups = (
				C5BC0C5B2EB6323300C508B1 /* kretaTests */,
			);
			name = kretaTests;
			packageProductDependencies = (
			);
			productName = kretaTests;
			productReference = C5BC0C5A2EB6323300C508B1 /* kretaTests.xctest */;
			productType = "com.apple.product-type.bundle.unit-test";
		};
/* End PBXNativeTarget section */

/* Begin PBXProject section */
		8DDE5FA92C8A7D9300A0DBE0 /* Project object */ = {
			isa = PBXProject;
			attributes = {
				BuildIndependentTargetsInParallel = 1;
				LastSwiftUpdateCheck = 2600;
				LastUpgradeCheck = 2600;
				TargetAttributes = {
					8DDE5FB02C8A7D9300A0DBE0 = {
						CreatedOnToolsVersion = 15.2;
					};
					C501C1762E9616DF00CC2B4E = {
						CreatedOnToolsVersion = 26.0;
					};
					C5BC0C592EB6323300C508B1 = {
						CreatedOnToolsVersion = 26.0.1;
						TestTargetID = 8DDE5FB02C8A7D9300A0DBE0;
					};
				};
			};
			buildConfigurationList = 8DDE5FAC2C8A7D9300A0DBE0 /* Build configuration list for PBXProject "kreta" */;
			compatibilityVersion = "Xcode 14.0";
			developmentRegion = id;
			hasScannedForEncodings = 0;
			knownRegions = (
				id,
			);
			mainGroup = 8DDE5FA82C8A7D9300A0DBE0;
			packageReferences = (
				C57893C22E93769300375616 /* XCRemoteSwiftPackageReference "convex-swift" */,
				C5892C962EA8CB370043E6B9 /* XCRemoteSwiftPackageReference "DebugSwift" */,
				C51929E12EAB3AC30036AE74 /* XCRemoteSwiftPackageReference "Popups" */,
				C5CC973E2EB3C0BE00E46229 /* XCRemoteSwiftPackageReference "Disk" */,
				C5CC99BB2EB446F600E46229 /* XCRemoteSwiftPackageReference "posthog-ios" */,
				C580FFFF2EB9CAD80032530C /* XCRemoteSwiftPackageReference "sentry-cocoa" */,
				4EAA41842EC1792700C01006 /* XCRemoteSwiftPackageReference "Portal" */,
			);
			productRefGroup = 8DDE5FB22C8A7D9300A0DBE0 /* Products */;
			projectDirPath = "";
			projectRoot = "";
			targets = (
				8DDE5FB02C8A7D9300A0DBE0 /* kreta */,
				C501C1762E9616DF00CC2B4E /* WidgetExtension */,
				C5BC0C592EB6323300C508B1 /* kretaTests */,
			);
		};
/* End PBXProject section */

/* Begin PBXResourcesBuildPhase section */
		8DDE5FAF2C8A7D9300A0DBE0 /* Resources */ = {
			isa = PBXResourcesBuildPhase;
			buildActionMask = 2147483647;
			files = (
				C565BFD12EBA33E4003AB6DD /* Development.xcconfig in Resources */,
				C565BFD42EBA33EE003AB6DD /* Production.xcconfig in Resources */,
			);
			runOnlyForDeploymentPostprocessing = 0;
		};
		C501C1752E9616DF00CC2B4E /* Resources */ = {
			isa = PBXResourcesBuildPhase;
			buildActionMask = 2147483647;
			files = (
				C565BFD02EBA33E4003AB6DD /* Development.xcconfig in Resources */,
				C565BFD32EBA33EE003AB6DD /* Production.xcconfig in Resources */,
			);
			runOnlyForDeploymentPostprocessing = 0;
		};
		C5BC0C582EB6323300C508B1 /* Resources */ = {
			isa = PBXResourcesBuildPhase;
			buildActionMask = 2147483647;
			files = (
			);
			runOnlyForDeploymentPostprocessing = 0;
		};
/* End PBXResourcesBuildPhase section */

/* Begin PBXShellScriptBuildPhase section */
		0C7F4D1ED04F40FAB03143FA /* Upload Debug Symbols to Sentry */ = {
			isa = PBXShellScriptBuildPhase;
			buildActionMask = 2147483647;
			files = (
			);
			inputPaths = (
				"${DWARF_DSYM_FOLDER_PATH}/${DWARF_DSYM_FILE_NAME}/Contents/Resources/DWARF/${TARGET_NAME}",
			);
			name = "Upload Debug Symbols to Sentry";
			outputPaths = (
			);
			runOnlyForDeploymentPostprocessing = 0;
			shellPath = /bin/sh;
			shellScript = "# This script is responsible for uploading debug symbols and source context for Sentry.\nif which sentry-cli >/dev/null; then\n  export SENTRY_ORG=kreta\n  export SENTRY_PROJECT=apple-ios\n  ERROR=$(sentry-cli debug-files upload --include-sources \"$DWARF_DSYM_FOLDER_PATH\" 2>&1 >/dev/null)\n  if [ ! $? -eq 0 ]; then\n    echo \"warning: sentry-cli - $ERROR\"\n  fi\nelse\n  echo \"warning: sentry-cli not installed, download from https://github.com/getsentry/sentry-cli/releases\"\nfi\n";
		};
/* End PBXShellScriptBuildPhase section */

/* Begin PBXSourcesBuildPhase section */
		8DDE5FAD2C8A7D9300A0DBE0 /* Sources */ = {
			isa = PBXSourcesBuildPhase;
			buildActionMask = 2147483647;
			files = (
				8D3EE22F2C92698B004E4B6D /* (null) in Sources */,
				8D3EE2352C927136004E4B6D /* (null) in Sources */,
				8D3EE2322C927112004E4B6D /* (null) in Sources */,
				8D0FC8B32C90E03100767285 /* (null) in Sources */,
			);
			runOnlyForDeploymentPostprocessing = 0;
		};
		C501C1732E9616DF00CC2B4E /* Sources */ = {
			isa = PBXSourcesBuildPhase;
			buildActionMask = 2147483647;
			files = (
			);
			runOnlyForDeploymentPostprocessing = 0;
		};
		C5BC0C562EB6323300C508B1 /* Sources */ = {
			isa = PBXSourcesBuildPhase;
			buildActionMask = 2147483647;
			files = (
			);
			runOnlyForDeploymentPostprocessing = 0;
		};
/* End PBXSourcesBuildPhase section */

/* Begin PBXTargetDependency section */
		C501C1882E9616E100CC2B4E /* PBXTargetDependency */ = {
			isa = PBXTargetDependency;
			target = C501C1762E9616DF00CC2B4E /* WidgetExtension */;
			targetProxy = C501C1872E9616E100CC2B4E /* PBXContainerItemProxy */;
		};
		C5BC0C5F2EB6323300C508B1 /* PBXTargetDependency */ = {
			isa = PBXTargetDependency;
			target = 8DDE5FB02C8A7D9300A0DBE0 /* kreta */;
			targetProxy = C5BC0C5E2EB6323300C508B1 /* PBXContainerItemProxy */;
		};
/* End PBXTargetDependency section */

/* Begin XCBuildConfiguration section */
		8DDE5FBD2C8A7D9400A0DBE0 /* Debug */ = {
			isa = XCBuildConfiguration;
			baseConfigurationReference = C565BFCF2EBA33E4003AB6DD /* Development.xcconfig */;
			buildSettings = {
				ALWAYS_SEARCH_USER_PATHS = NO;
				ASSETCATALOG_COMPILER_GENERATE_SWIFT_ASSET_SYMBOL_EXTENSIONS = YES;
				CLANG_ANALYZER_NONNULL = YES;
				CLANG_ANALYZER_NUMBER_OBJECT_CONVERSION = YES_AGGRESSIVE;
				CLANG_CXX_LANGUAGE_STANDARD = "gnu++20";
				CLANG_ENABLE_MODULES = YES;
				CLANG_ENABLE_OBJC_ARC = YES;
				CLANG_ENABLE_OBJC_WEAK = YES;
				CLANG_WARN_BLOCK_CAPTURE_AUTORELEASING = YES;
				CLANG_WARN_BOOL_CONVERSION = YES;
				CLANG_WARN_COMMA = YES;
				CLANG_WARN_CONSTANT_CONVERSION = YES;
				CLANG_WARN_DEPRECATED_OBJC_IMPLEMENTATIONS = YES;
				CLANG_WARN_DIRECT_OBJC_ISA_USAGE = YES_ERROR;
				CLANG_WARN_DOCUMENTATION_COMMENTS = YES;
				CLANG_WARN_EMPTY_BODY = YES;
				CLANG_WARN_ENUM_CONVERSION = YES;
				CLANG_WARN_INFINITE_RECURSION = YES;
				CLANG_WARN_INT_CONVERSION = YES;
				CLANG_WARN_NON_LITERAL_NULL_CONVERSION = YES;
				CLANG_WARN_OBJC_IMPLICIT_RETAIN_SELF = YES;
				CLANG_WARN_OBJC_LITERAL_CONVERSION = YES;
				CLANG_WARN_OBJC_ROOT_CLASS = YES_ERROR;
				CLANG_WARN_QUOTED_INCLUDE_IN_FRAMEWORK_HEADER = YES;
				CLANG_WARN_RANGE_LOOP_ANALYSIS = YES;
				CLANG_WARN_STRICT_PROTOTYPES = YES;
				CLANG_WARN_SUSPICIOUS_MOVE = YES;
				CLANG_WARN_UNGUARDED_AVAILABILITY = YES_AGGRESSIVE;
				CLANG_WARN_UNREACHABLE_CODE = YES;
				CLANG_WARN__DUPLICATE_METHOD_MATCH = YES;
				COPY_PHASE_STRIP = NO;
				DEBUG_INFORMATION_FORMAT = dwarf;
				DEVELOPMENT_TEAM = 5U7DSB32K6;
				ENABLE_STRICT_OBJC_MSGSEND = YES;
				ENABLE_TESTABILITY = YES;
				ENABLE_USER_SCRIPT_SANDBOXING = YES;
				GCC_C_LANGUAGE_STANDARD = gnu17;
				GCC_DYNAMIC_NO_PIC = NO;
				GCC_NO_COMMON_BLOCKS = YES;
				GCC_OPTIMIZATION_LEVEL = 0;
				GCC_PREPROCESSOR_DEFINITIONS = (
					"DEBUG=1",
					"$(inherited)",
				);
				GCC_WARN_64_TO_32_BIT_CONVERSION = YES;
				GCC_WARN_ABOUT_RETURN_TYPE = YES_ERROR;
				GCC_WARN_UNDECLARED_SELECTOR = YES;
				GCC_WARN_UNINITIALIZED_AUTOS = YES_AGGRESSIVE;
				GCC_WARN_UNUSED_FUNCTION = YES;
				GCC_WARN_UNUSED_VARIABLE = YES;
				IPHONEOS_DEPLOYMENT_TARGET = 26.0;
				LOCALIZATION_PREFERS_STRING_CATALOGS = YES;
				MTL_ENABLE_DEBUG_INFO = INCLUDE_SOURCE;
				MTL_FAST_MATH = YES;
				ONLY_ACTIVE_ARCH = YES;
				SDKROOT = iphoneos;
				STRING_CATALOG_GENERATE_SYMBOLS = YES;
				SWIFT_ACTIVE_COMPILATION_CONDITIONS = "DEBUG $(inherited)";
				SWIFT_OPTIMIZATION_LEVEL = "-Onone";
			};
			name = Debug;
		};
		8DDE5FBE2C8A7D9400A0DBE0 /* Release */ = {
			isa = XCBuildConfiguration;
			baseConfigurationReference = C565BFD22EBA33EE003AB6DD /* Production.xcconfig */;
			buildSettings = {
				ALWAYS_SEARCH_USER_PATHS = NO;
				ASSETCATALOG_COMPILER_GENERATE_SWIFT_ASSET_SYMBOL_EXTENSIONS = YES;
				CLANG_ANALYZER_NONNULL = YES;
				CLANG_ANALYZER_NUMBER_OBJECT_CONVERSION = YES_AGGRESSIVE;
				CLANG_CXX_LANGUAGE_STANDARD = "gnu++20";
				CLANG_ENABLE_MODULES = YES;
				CLANG_ENABLE_OBJC_ARC = YES;
				CLANG_ENABLE_OBJC_WEAK = YES;
				CLANG_WARN_BLOCK_CAPTURE_AUTORELEASING = YES;
				CLANG_WARN_BOOL_CONVERSION = YES;
				CLANG_WARN_COMMA = YES;
				CLANG_WARN_CONSTANT_CONVERSION = YES;
				CLANG_WARN_DEPRECATED_OBJC_IMPLEMENTATIONS = YES;
				CLANG_WARN_DIRECT_OBJC_ISA_USAGE = YES_ERROR;
				CLANG_WARN_DOCUMENTATION_COMMENTS = YES;
				CLANG_WARN_EMPTY_BODY = YES;
				CLANG_WARN_ENUM_CONVERSION = YES;
				CLANG_WARN_INFINITE_RECURSION = YES;
				CLANG_WARN_INT_CONVERSION = YES;
				CLANG_WARN_NON_LITERAL_NULL_CONVERSION = YES;
				CLANG_WARN_OBJC_IMPLICIT_RETAIN_SELF = YES;
				CLANG_WARN_OBJC_LITERAL_CONVERSION = YES;
				CLANG_WARN_OBJC_ROOT_CLASS = YES_ERROR;
				CLANG_WARN_QUOTED_INCLUDE_IN_FRAMEWORK_HEADER = YES;
				CLANG_WARN_RANGE_LOOP_ANALYSIS = YES;
				CLANG_WARN_STRICT_PROTOTYPES = YES;
				CLANG_WARN_SUSPICIOUS_MOVE = YES;
				CLANG_WARN_UNGUARDED_AVAILABILITY = YES_AGGRESSIVE;
				CLANG_WARN_UNREACHABLE_CODE = YES;
				CLANG_WARN__DUPLICATE_METHOD_MATCH = YES;
				COPY_PHASE_STRIP = NO;
				DEBUG_INFORMATION_FORMAT = "dwarf-with-dsym";
				DEVELOPMENT_TEAM = 5U7DSB32K6;
				ENABLE_NS_ASSERTIONS = NO;
				ENABLE_STRICT_OBJC_MSGSEND = YES;
				ENABLE_USER_SCRIPT_SANDBOXING = YES;
				GCC_C_LANGUAGE_STANDARD = gnu17;
				GCC_NO_COMMON_BLOCKS = YES;
				GCC_WARN_64_TO_32_BIT_CONVERSION = YES;
				GCC_WARN_ABOUT_RETURN_TYPE = YES_ERROR;
				GCC_WARN_UNDECLARED_SELECTOR = YES;
				GCC_WARN_UNINITIALIZED_AUTOS = YES_AGGRESSIVE;
				GCC_WARN_UNUSED_FUNCTION = YES;
				GCC_WARN_UNUSED_VARIABLE = YES;
				IPHONEOS_DEPLOYMENT_TARGET = 26.0;
				LOCALIZATION_PREFERS_STRING_CATALOGS = YES;
				MTL_ENABLE_DEBUG_INFO = NO;
				MTL_FAST_MATH = YES;
				SDKROOT = iphoneos;
				STRING_CATALOG_GENERATE_SYMBOLS = YES;
				SWIFT_COMPILATION_MODE = wholemodule;
				VALIDATE_PRODUCT = YES;
			};
			name = Release;
		};
		8DDE5FC02C8A7D9400A0DBE0 /* Debug */ = {
			isa = XCBuildConfiguration;
			baseConfigurationReference = C565BFCF2EBA33E4003AB6DD /* Development.xcconfig */;
			buildSettings = {
				APS_ENVIRONMENT = development;
				ASSETCATALOG_COMPILER_APPICON_NAME = AppIcon;
				ASSETCATALOG_COMPILER_GLOBAL_ACCENT_COLOR_NAME = AccentColor;
				ASSETCATALOG_COMPILER_INCLUDE_ALL_APPICON_ASSETS = YES;
				CODE_SIGN_ENTITLEMENTS = Sources/kreta.entitlements;
				CODE_SIGN_IDENTITY = "Apple Development";
				CODE_SIGN_STYLE = Automatic;
				CURRENT_PROJECT_VERSION = 1;
				DEBUG_INFORMATION_FORMAT = "dwarf-with-dsym";
				DEVELOPMENT_ASSET_PATHS = "\"Sources/Preview Content\"";
				DEVELOPMENT_TEAM = 5U7DSB32K6;
				ENABLE_PREVIEWS = YES;
				ENABLE_USER_SCRIPT_SANDBOXING = NO;
				GENERATE_INFOPLIST_FILE = YES;
				INFOPLIST_FILE = Info.plist;
				INFOPLIST_KEY_CFBundleDisplayName = Kreta;
				INFOPLIST_KEY_ITSAppUsesNonExemptEncryption = NO;
				INFOPLIST_KEY_LSApplicationCategoryType = "";
				INFOPLIST_KEY_NSCameraUsageDescription = "For something";
				INFOPLIST_KEY_NSSupportsLiveActivities = YES;
				INFOPLIST_KEY_NSSupportsLiveActivitiesFrequentUpdates = YES;
				INFOPLIST_KEY_UIApplicationSceneManifest_Generation = YES;
				INFOPLIST_KEY_UIApplicationSupportsIndirectInputEvents = YES;
				INFOPLIST_KEY_UIBackgroundModes = "remote-notification";
				INFOPLIST_KEY_UILaunchScreen_Generation = YES;
				INFOPLIST_KEY_UIStatusBarHidden = YES;
				INFOPLIST_KEY_UISupportedInterfaceOrientations = UIInterfaceOrientationPortrait;
				IPHONEOS_DEPLOYMENT_TARGET = 26.0;
				LD_RUNPATH_SEARCH_PATHS = (
					"$(inherited)",
					"@executable_path/Frameworks",
				);
				MARKETING_VERSION = 1.0;
				PRODUCT_BUNDLE_IDENTIFIER = app.kreta.kreta;
				PRODUCT_NAME = "$(TARGET_NAME)";
				PROVISIONING_PROFILE_SPECIFIER = "";
				SUPPORTED_PLATFORMS = "iphoneos iphonesimulator";
				SUPPORTS_MACCATALYST = NO;
				SUPPORTS_MAC_DESIGNED_FOR_IPHONE_IPAD = NO;
				SUPPORTS_XR_DESIGNED_FOR_IPHONE_IPAD = NO;
				SWIFT_EMIT_LOC_STRINGS = YES;
				SWIFT_VERSION = 6.0;
				TARGETED_DEVICE_FAMILY = 1;
			};
			name = Debug;
		};
		8DDE5FC12C8A7D9400A0DBE0 /* Release */ = {
			isa = XCBuildConfiguration;
			baseConfigurationReference = C565BFD22EBA33EE003AB6DD /* Production.xcconfig */;
			buildSettings = {
				APS_ENVIRONMENT = production;
				ASSETCATALOG_COMPILER_APPICON_NAME = AppIcon;
				ASSETCATALOG_COMPILER_GLOBAL_ACCENT_COLOR_NAME = AccentColor;
				ASSETCATALOG_COMPILER_INCLUDE_ALL_APPICON_ASSETS = YES;
				CODE_SIGN_ENTITLEMENTS = Sources/kreta.entitlements;
				CODE_SIGN_IDENTITY = "Apple Development";
				CODE_SIGN_STYLE = Automatic;
				CURRENT_PROJECT_VERSION = 1;
				DEBUG_INFORMATION_FORMAT = "dwarf-with-dsym";
				DEVELOPMENT_ASSET_PATHS = "\"Sources/Preview Content\"";
				DEVELOPMENT_TEAM = 5U7DSB32K6;
				ENABLE_PREVIEWS = YES;
				ENABLE_USER_SCRIPT_SANDBOXING = NO;
				GENERATE_INFOPLIST_FILE = YES;
				INFOPLIST_FILE = Info.plist;
				INFOPLIST_KEY_CFBundleDisplayName = Kreta;
				INFOPLIST_KEY_ITSAppUsesNonExemptEncryption = NO;
				INFOPLIST_KEY_LSApplicationCategoryType = "";
				INFOPLIST_KEY_NSCameraUsageDescription = "For something";
				INFOPLIST_KEY_NSSupportsLiveActivities = YES;
				INFOPLIST_KEY_NSSupportsLiveActivitiesFrequentUpdates = YES;
				INFOPLIST_KEY_UIApplicationSceneManifest_Generation = YES;
				INFOPLIST_KEY_UIApplicationSupportsIndirectInputEvents = YES;
				INFOPLIST_KEY_UIBackgroundModes = "remote-notification";
				INFOPLIST_KEY_UILaunchScreen_Generation = YES;
				INFOPLIST_KEY_UIStatusBarHidden = YES;
				INFOPLIST_KEY_UISupportedInterfaceOrientations = UIInterfaceOrientationPortrait;
				IPHONEOS_DEPLOYMENT_TARGET = 26.0;
				LD_RUNPATH_SEARCH_PATHS = (
					"$(inherited)",
					"@executable_path/Frameworks",
				);
				MARKETING_VERSION = 1.0;
				PRODUCT_BUNDLE_IDENTIFIER = app.kreta.kreta;
				PRODUCT_NAME = "$(TARGET_NAME)";
				PROVISIONING_PROFILE_SPECIFIER = "";
				SUPPORTED_PLATFORMS = "iphoneos iphonesimulator";
				SUPPORTS_MACCATALYST = NO;
				SUPPORTS_MAC_DESIGNED_FOR_IPHONE_IPAD = NO;
				SUPPORTS_XR_DESIGNED_FOR_IPHONE_IPAD = NO;
				SWIFT_EMIT_LOC_STRINGS = YES;
				SWIFT_VERSION = 6.0;
				TARGETED_DEVICE_FAMILY = 1;
			};
			name = Release;
		};
		C501C18C2E9616E100CC2B4E /* Debug */ = {
			isa = XCBuildConfiguration;
			baseConfigurationReference = C565BFCF2EBA33E4003AB6DD /* Development.xcconfig */;
			buildSettings = {
				ASSETCATALOG_COMPILER_GLOBAL_ACCENT_COLOR_NAME = AccentColor;
				ASSETCATALOG_COMPILER_WIDGET_BACKGROUND_COLOR_NAME = WidgetBackground;
				CODE_SIGN_STYLE = Automatic;
				CURRENT_PROJECT_VERSION = 1;
				DEVELOPMENT_TEAM = 5U7DSB32K6;
				GENERATE_INFOPLIST_FILE = YES;
				INFOPLIST_FILE = Widget/Info.plist;
				INFOPLIST_KEY_CFBundleDisplayName = Widget;
				INFOPLIST_KEY_NSHumanReadableCopyright = "";
				INFOPLIST_KEY_NSSupportsLiveActivities = YES;
				IPHONEOS_DEPLOYMENT_TARGET = 26.0;
				LD_RUNPATH_SEARCH_PATHS = (
					"$(inherited)",
					"@executable_path/Frameworks",
					"@executable_path/../../Frameworks",
				);
				MARKETING_VERSION = 1.0;
				PRODUCT_BUNDLE_IDENTIFIER = app.kreta.kreta.Widget;
				PRODUCT_NAME = "$(TARGET_NAME)";
				SKIP_INSTALL = YES;
				STRING_CATALOG_GENERATE_SYMBOLS = YES;
				SUPPORTED_PLATFORMS = "iphoneos iphonesimulator";
				SUPPORTS_MACCATALYST = NO;
				SUPPORTS_MAC_DESIGNED_FOR_IPHONE_IPAD = NO;
				SUPPORTS_XR_DESIGNED_FOR_IPHONE_IPAD = NO;
				SWIFT_APPROACHABLE_CONCURRENCY = YES;
				SWIFT_EMIT_LOC_STRINGS = YES;
				SWIFT_UPCOMING_FEATURE_MEMBER_IMPORT_VISIBILITY = YES;
				SWIFT_VERSION = 5.0;
				TARGETED_DEVICE_FAMILY = 1;
			};
			name = Debug;
		};
		C501C18D2E9616E100CC2B4E /* Release */ = {
			isa = XCBuildConfiguration;
			baseConfigurationReference = C565BFD22EBA33EE003AB6DD /* Production.xcconfig */;
			buildSettings = {
				ASSETCATALOG_COMPILER_GLOBAL_ACCENT_COLOR_NAME = AccentColor;
				ASSETCATALOG_COMPILER_WIDGET_BACKGROUND_COLOR_NAME = WidgetBackground;
				CODE_SIGN_STYLE = Automatic;
				CURRENT_PROJECT_VERSION = 1;
				DEVELOPMENT_TEAM = 5U7DSB32K6;
				GENERATE_INFOPLIST_FILE = YES;
				INFOPLIST_FILE = Widget/Info.plist;
				INFOPLIST_KEY_CFBundleDisplayName = Widget;
				INFOPLIST_KEY_NSHumanReadableCopyright = "";
				INFOPLIST_KEY_NSSupportsLiveActivities = YES;
				IPHONEOS_DEPLOYMENT_TARGET = 26.0;
				LD_RUNPATH_SEARCH_PATHS = (
					"$(inherited)",
					"@executable_path/Frameworks",
					"@executable_path/../../Frameworks",
				);
				MARKETING_VERSION = 1.0;
				PRODUCT_BUNDLE_IDENTIFIER = app.kreta.kreta.Widget;
				PRODUCT_NAME = "$(TARGET_NAME)";
				SKIP_INSTALL = YES;
				STRING_CATALOG_GENERATE_SYMBOLS = YES;
				SUPPORTED_PLATFORMS = "iphoneos iphonesimulator";
				SUPPORTS_MACCATALYST = NO;
				SUPPORTS_MAC_DESIGNED_FOR_IPHONE_IPAD = NO;
				SUPPORTS_XR_DESIGNED_FOR_IPHONE_IPAD = NO;
				SWIFT_APPROACHABLE_CONCURRENCY = YES;
				SWIFT_EMIT_LOC_STRINGS = YES;
				SWIFT_UPCOMING_FEATURE_MEMBER_IMPORT_VISIBILITY = YES;
				SWIFT_VERSION = 5.0;
				TARGETED_DEVICE_FAMILY = 1;
			};
			name = Release;
		};
		C5BC0C612EB6323300C508B1 /* Debug */ = {
			isa = XCBuildConfiguration;
			baseConfigurationReference = C565BFCF2EBA33E4003AB6DD /* Development.xcconfig */;
			buildSettings = {
				BUNDLE_LOADER = "$(TEST_HOST)";
				CODE_SIGN_STYLE = Automatic;
				CURRENT_PROJECT_VERSION = 1;
				DEVELOPMENT_TEAM = 5U7DSB32K6;
				GENERATE_INFOPLIST_FILE = YES;
				IPHONEOS_DEPLOYMENT_TARGET = 26.0;
				MARKETING_VERSION = 1.0;
				PRODUCT_BUNDLE_IDENTIFIER = app.kreta.kretaTests;
				PRODUCT_NAME = "$(TARGET_NAME)";
				STRING_CATALOG_GENERATE_SYMBOLS = NO;
				SUPPORTED_PLATFORMS = "iphoneos iphonesimulator";
				SUPPORTS_MACCATALYST = NO;
				SUPPORTS_MAC_DESIGNED_FOR_IPHONE_IPAD = NO;
				SUPPORTS_XR_DESIGNED_FOR_IPHONE_IPAD = NO;
				SWIFT_APPROACHABLE_CONCURRENCY = YES;
				SWIFT_EMIT_LOC_STRINGS = NO;
				SWIFT_UPCOMING_FEATURE_MEMBER_IMPORT_VISIBILITY = YES;
				SWIFT_VERSION = 5.0;
				TARGETED_DEVICE_FAMILY = 1;
				TEST_HOST = "$(BUILT_PRODUCTS_DIR)/kreta.app/$(BUNDLE_EXECUTABLE_FOLDER_PATH)/kreta";
			};
			name = Debug;
		};
		C5BC0C622EB6323300C508B1 /* Release */ = {
			isa = XCBuildConfiguration;
			baseConfigurationReference = C565BFD22EBA33EE003AB6DD /* Production.xcconfig */;
			buildSettings = {
				BUNDLE_LOADER = "$(TEST_HOST)";
				CODE_SIGN_STYLE = Automatic;
				CURRENT_PROJECT_VERSION = 1;
				DEVELOPMENT_TEAM = 5U7DSB32K6;
				GENERATE_INFOPLIST_FILE = YES;
				IPHONEOS_DEPLOYMENT_TARGET = 26.0;
				MARKETING_VERSION = 1.0;
				PRODUCT_BUNDLE_IDENTIFIER = app.kreta.kretaTests;
				PRODUCT_NAME = "$(TARGET_NAME)";
				STRING_CATALOG_GENERATE_SYMBOLS = NO;
				SUPPORTED_PLATFORMS = "iphoneos iphonesimulator";
				SUPPORTS_MACCATALYST = NO;
				SUPPORTS_MAC_DESIGNED_FOR_IPHONE_IPAD = NO;
				SUPPORTS_XR_DESIGNED_FOR_IPHONE_IPAD = NO;
				SWIFT_APPROACHABLE_CONCURRENCY = YES;
				SWIFT_EMIT_LOC_STRINGS = NO;
				SWIFT_UPCOMING_FEATURE_MEMBER_IMPORT_VISIBILITY = YES;
				SWIFT_VERSION = 5.0;
				TARGETED_DEVICE_FAMILY = 1;
				TEST_HOST = "$(BUILT_PRODUCTS_DIR)/kreta.app/$(BUNDLE_EXECUTABLE_FOLDER_PATH)/kreta";
			};
			name = Release;
		};
/* End XCBuildConfiguration section */

/* Begin XCConfigurationList section */
		8DDE5FAC2C8A7D9300A0DBE0 /* Build configuration list for PBXProject "kreta" */ = {
			isa = XCConfigurationList;
			buildConfigurations = (
				8DDE5FBD2C8A7D9400A0DBE0 /* Debug */,
				8DDE5FBE2C8A7D9400A0DBE0 /* Release */,
			);
			defaultConfigurationIsVisible = 0;
			defaultConfigurationName = Release;
		};
		8DDE5FBF2C8A7D9400A0DBE0 /* Build configuration list for PBXNativeTarget "kreta" */ = {
			isa = XCConfigurationList;
			buildConfigurations = (
				8DDE5FC02C8A7D9400A0DBE0 /* Debug */,
				8DDE5FC12C8A7D9400A0DBE0 /* Release */,
			);
			defaultConfigurationIsVisible = 0;
			defaultConfigurationName = Release;
		};
		C501C18B2E9616E100CC2B4E /* Build configuration list for PBXNativeTarget "WidgetExtension" */ = {
			isa = XCConfigurationList;
			buildConfigurations = (
				C501C18C2E9616E100CC2B4E /* Debug */,
				C501C18D2E9616E100CC2B4E /* Release */,
			);
			defaultConfigurationIsVisible = 0;
			defaultConfigurationName = Release;
		};
		C5BC0C602EB6323300C508B1 /* Build configuration list for PBXNativeTarget "kretaTests" */ = {
			isa = XCConfigurationList;
			buildConfigurations = (
				C5BC0C612EB6323300C508B1 /* Debug */,
				C5BC0C622EB6323300C508B1 /* Release */,
			);
			defaultConfigurationIsVisible = 0;
			defaultConfigurationName = Release;
		};
/* End XCConfigurationList section */

/* Begin XCRemoteSwiftPackageReference section */
		4EAA41842EC1792700C01006 /* XCRemoteSwiftPackageReference "Portal" */ = {
			isa = XCRemoteSwiftPackageReference;
			repositoryURL = "https://github.com/Aeastr/Portal.git";
			requirement = {
				kind = upToNextMajorVersion;
				minimumVersion = 4.2.6;
			};
		};
		C51929E12EAB3AC30036AE74 /* XCRemoteSwiftPackageReference "Popups" */ = {
			isa = XCRemoteSwiftPackageReference;
			repositoryURL = "https://github.com/Mijick/Popups";
			requirement = {
				kind = upToNextMajorVersion;
				minimumVersion = 4.0.5;
			};
		};
		C57893C22E93769300375616 /* XCRemoteSwiftPackageReference "convex-swift" */ = {
			isa = XCRemoteSwiftPackageReference;
			repositoryURL = "https://github.com/get-convex/convex-swift";
			requirement = {
				kind = upToNextMajorVersion;
				minimumVersion = 0.5.6;
			};
		};
		C580FFFF2EB9CAD80032530C /* XCRemoteSwiftPackageReference "sentry-cocoa" */ = {
			isa = XCRemoteSwiftPackageReference;
			repositoryURL = "https://github.com/getsentry/sentry-cocoa.git";
			requirement = {
				kind = upToNextMajorVersion;
				minimumVersion = 8.57.1;
			};
		};
		C5892C962EA8CB370043E6B9 /* XCRemoteSwiftPackageReference "DebugSwift" */ = {
			isa = XCRemoteSwiftPackageReference;
			repositoryURL = "https://github.com/DebugSwift/DebugSwift.git";
			requirement = {
				kind = upToNextMajorVersion;
				minimumVersion = 1.7.20;
			};
		};
		C5CC973E2EB3C0BE00E46229 /* XCRemoteSwiftPackageReference "Disk" */ = {
			isa = XCRemoteSwiftPackageReference;
			repositoryURL = "https://github.com/saoudrizwan/Disk";
			requirement = {
				kind = upToNextMajorVersion;
				minimumVersion = 0.6.4;
			};
		};
		C5CC99BB2EB446F600E46229 /* XCRemoteSwiftPackageReference "posthog-ios" */ = {
			isa = XCRemoteSwiftPackageReference;
			repositoryURL = "https://github.com/PostHog/posthog-ios.git";
			requirement = {
				kind = upToNextMajorVersion;
				minimumVersion = 3.34.0;
			};
		};
/* End XCRemoteSwiftPackageReference section */

/* Begin XCSwiftPackageProductDependency section */
		4EAA41852EC1792700C01006 /* Portal */ = {
			isa = XCSwiftPackageProductDependency;
			package = 4EAA41842EC1792700C01006 /* XCRemoteSwiftPackageReference "Portal" */;
			productName = Portal;
		};
		4EAA41872EC1792700C01006 /* PortalFlowingHeader */ = {
			isa = XCSwiftPackageProductDependency;
			package = 4EAA41842EC1792700C01006 /* XCRemoteSwiftPackageReference "Portal" */;
			productName = PortalFlowingHeader;
		};
		4EAA418B2EC1792700C01006 /* PortalView */ = {
			isa = XCSwiftPackageProductDependency;
			package = 4EAA41842EC1792700C01006 /* XCRemoteSwiftPackageReference "Portal" */;
			productName = PortalView;
		};
		C51929E22EAB3AC30036AE74 /* MijickPopups */ = {
			isa = XCSwiftPackageProductDependency;
			package = C51929E12EAB3AC30036AE74 /* XCRemoteSwiftPackageReference "Popups" */;
			productName = MijickPopups;
		};
		C57893C32E93769300375616 /* ConvexMobile */ = {
			isa = XCSwiftPackageProductDependency;
			package = C57893C22E93769300375616 /* XCRemoteSwiftPackageReference "convex-swift" */;
			productName = ConvexMobile;
		};
		C58000002EB9CAD80032530C /* Sentry */ = {
			isa = XCSwiftPackageProductDependency;
			package = C580FFFF2EB9CAD80032530C /* XCRemoteSwiftPackageReference "sentry-cocoa" */;
			productName = Sentry;
		};
		C5892C972EA8CB370043E6B9 /* DebugSwift */ = {
			isa = XCSwiftPackageProductDependency;
			package = C5892C962EA8CB370043E6B9 /* XCRemoteSwiftPackageReference "DebugSwift" */;
			productName = DebugSwift;
		};
		C5CC973F2EB3C0BE00E46229 /* Disk */ = {
			isa = XCSwiftPackageProductDependency;
			package = C5CC973E2EB3C0BE00E46229 /* XCRemoteSwiftPackageReference "Disk" */;
			productName = Disk;
		};
		C5CC99BC2EB446F600E46229 /* PostHog */ = {
			isa = XCSwiftPackageProductDependency;
			package = C5CC99BB2EB446F600E46229 /* XCRemoteSwiftPackageReference "posthog-ios" */;
			productName = PostHog;
		};
/* End XCSwiftPackageProductDependency section */
	};
	rootObject = 8DDE5FA92C8A7D9300A0DBE0 /* Project object */;
}
